
Microsoft Visual Studio Solution File, Format Version 12.00
# Visual Studio Version 17
VisualStudioVersion = 17.6.33723.286
MinimumVisualStudioVersion = 10.0.40219.1
Project("{FAE04EC0-301F-11D3-BF4B-00C04F79EFBC}") = "Carabiber_Diana_lab1", "Carabiber_Diana_lab1\Carabiber_Diana_lab1.csproj", "{272D1EA2-A56D-48ED-A8AB-5A7AD1259116}"
EndProject
Global
	GlobalSection(SolutionConfigurationPlatforms) = preSolution
		Debug|Any CPU = Debug|Any CPU
		Release|Any CPU = Release|Any CPU
	EndGlobalSection
	GlobalSection(ProjectConfigurationPlatforms) = postSolution
		{272D1EA2-A56D-48ED-A8AB-5A7AD1259116}.Debug|Any CPU.ActiveCfg = Debug|Any CPU
		{272D1EA2-A56D-48ED-A8AB-5A7AD1259116}.Debug|Any CPU.Build.0 = Debug|Any CPU
		{272D1EA2-A56D-48ED-A8AB-5A7AD1259116}.Release|Any CPU.ActiveCfg = Release|Any CPU
		{272D1EA2-A56D-48ED-A8AB-5A7AD1259116}.Release|Any CPU.Build.0 = Release|Any CPU
	EndGlobalSection
	GlobalSection(SolutionProperties) = preSolution
		HideSolutionNode = FALSE
	EndGlobalSection
	GlobalSection(ExtensibilityGlobals) = postSolution
		SolutionGuid = {131E2FD2-85B2-4F4F-AC75-F672C0847398}
	EndGlobalSection
EndGlobal
